
Microsoft Visual Studio Solution File, Format Version 12.00
# Visual Studio 15
VisualStudioVersion = 15.0.28010.2019
MinimumVisualStudioVersion = 10.0.40219.1
Project("{FAE04EC0-301F-11D3-BF4B-00C04F79EFBC}") = "ConditionsApp", "ConditionsApp\ConditionsApp.csproj", "{F673269C-96CF-4BB5-949F-999A1616D6E5}"
EndProject
Project("{FAE04EC0-301F-11D3-BF4B-00C04F79EFBC}") = "Syndy.Messaging", "ConditionsApp.Contracts\Syndy.Messaging.csproj", "{1732C463-111D-41A6-B902-79DB01086D89}"
EndProject
Project("{FAE04EC0-301F-11D3-BF4B-00C04F79EFBC}") = "ConditionsApp.Test", "ConditionsApp.Test\ConditionsApp.Test.csproj", "{0571569F-4CA0-4A9A-A9F2-5573BCDE3AF5}"
EndProject
Global
	GlobalSection(SolutionConfigurationPlatforms) = preSolution
		Debug|Any CPU = Debug|Any CPU
		Release|Any CPU = Release|Any CPU
	EndGlobalSection
	GlobalSection(ProjectConfigurationPlatforms) = postSolution
		{F673269C-96CF-4BB5-949F-999A1616D6E5}.Debug|Any CPU.ActiveCfg = Debug|Any CPU
		{F673269C-96CF-4BB5-949F-999A1616D6E5}.Debug|Any CPU.Build.0 = Debug|Any CPU
		{F673269C-96CF-4BB5-949F-999A1616D6E5}.Release|Any CPU.ActiveCfg = Release|Any CPU
		{F673269C-96CF-4BB5-949F-999A1616D6E5}.Release|Any CPU.Build.0 = Release|Any CPU
		{1732C463-111D-41A6-B902-79DB01086D89}.Debug|Any CPU.ActiveCfg = Debug|Any CPU
		{1732C463-111D-41A6-B902-79DB01086D89}.Debug|Any CPU.Build.0 = Debug|Any CPU
		{1732C463-111D-41A6-B902-79DB01086D89}.Release|Any CPU.ActiveCfg = Release|Any CPU
		{1732C463-111D-41A6-B902-79DB01086D89}.Release|Any CPU.Build.0 = Release|Any CPU
		{0571569F-4CA0-4A9A-A9F2-5573BCDE3AF5}.Debug|Any CPU.ActiveCfg = Debug|Any CPU
		{0571569F-4CA0-4A9A-A9F2-5573BCDE3AF5}.Debug|Any CPU.Build.0 = Debug|Any CPU
		{0571569F-4CA0-4A9A-A9F2-5573BCDE3AF5}.Release|Any CPU.ActiveCfg = Release|Any CPU
		{0571569F-4CA0-4A9A-A9F2-5573BCDE3AF5}.Release|Any CPU.Build.0 = Release|Any CPU
	EndGlobalSection
	GlobalSection(SolutionProperties) = preSolution
		HideSolutionNode = FALSE
	EndGlobalSection
	GlobalSection(ExtensibilityGlobals) = postSolution
		SolutionGuid = {7A1B4444-9DDD-4E6A-A5C6-9573E2ECB24D}
	EndGlobalSection
EndGlobal
